// !$*UTF8*$!
{
	archiveVersion = 1;
	classes = {
	};
	objectVersion = 56;
	objects = {

/* Begin PBXBuildFile section */
		A1000001 /* SVGPreviewApp.swift in Sources */ = {isa = PBXBuildFile; fileRef = A2000001; };
		A1000002 /* SVGGalleryView.swift in Sources */ = {isa = PBXBuildFile; fileRef = A2000002; };
		A1000003 /* SVGImageView.swift in Sources */ = {isa = PBXBuildFile; fileRef = A2000003; };
		A1000004 /* SVGDetailView.swift in Sources */ = {isa = PBXBuildFile; fileRef = A2000004; };
		A1000005 /* Assets.xcassets in Resources */ = {isa = PBXBuildFile; fileRef = A2000005; };
/* End PBXBuildFile section */

/* Begin PBXFileReference section */
		A2000001 /* SVGPreviewApp.swift */ = {isa = PBXFileReference; lastKnownFileType = sourcecode.swift; path = SVGPreviewApp.swift; sourceTree = "<group>"; };
		A2000002 /* SVGGalleryView.swift */ = {isa = PBXFileReference; lastKnownFileType = sourcecode.swift; path = SVGGalleryView.swift; sourceTree = "<group>"; };
		A2000003 /* SVGImageView.swift */ = {isa = PBXFileReference; lastKnownFileType = sourcecode.swift; path = SVGImageView.swift; sourceTree = "<group>"; };
		A2000004 /* SVGDetailView.swift */ = {isa = PBXFileReference; lastKnownFileType = sourcecode.swift; path = SVGDetailView.swift; sourceTree = "<group>"; };
		A2000005 /* Assets.xcassets */ = {isa = PBXFileReference; lastKnownFileType = folder.assetcatalog; path = Assets.xcassets; sourceTree = "<group>"; };
		A3000001 /* SVGPreview.app */ = {isa = PBXFileReference; explicitFileType = wrapper.application; includeInIndex = 0; path = SVGPreview.app; sourceTree = BUILT_PRODUCTS_DIR; };
/* End PBXFileReference section */

/* Begin PBXGroup section */
		A4000001 = {
			isa = PBXGroup;
			children = (
				A4000002 /* SVGPreview */,
				A4000003 /* Products */,
			);
			sourceTree = "<group>";
		};
		A4000002 /* SVGPreview */ = {
			isa = PBXGroup;
			children = (
				A2000001 /* SVGPreviewApp.swift */,
				A2000002 /* SVGGalleryView.swift */,
				A2000003 /* SVGImageView.swift */,
				A2000004 /* SVGDetailView.swift */,
			A2000005 /* Assets.xcassets */,
			);
			path = SVGPreview;
			sourceTree = "<group>";
		};
		A4000003 /* Products */ = {
			isa = PBXGroup;
			children = (
				A3000001 /* SVGPreview.app */,
			);
			name = Products;
			sourceTree = "<group>";
		};
/* End PBXGroup section */

/* Begin PBXNativeTarget section */
		A5000001 /* SVGPreview */ = {
			isa = PBXNativeTarget;
			buildConfigurationList = A7000001;
			buildPhases = (
				A6000001 /* Sources */,
				A6000002 /* Resources */,
			);
			buildRules = (
			);
			dependencies = (
			);
			name = SVGPreview;
			productName = SVGPreview;
			productReference = A3000001;
			productType = "com.apple.product-type.application";
		};
/* End PBXNativeTarget section */

/* Begin PBXProject section */
		A8000001 /* Project object */ = {
			isa = PBXProject;
			attributes = {
				BuildIndependentTargetsInParallel = 1;
				LastSwiftUpdateCheck = 1540;
				LastUpgradeCheck = 1540;
			};
			buildConfigurationList = A7000002;
			compatibilityVersion = "Xcode 14.0";
			developmentRegion = en;
			hasScannedForEncodings = 0;
			knownRegions = (
				en,
				Base,
			);
			mainGroup = A4000001;
			productRefGroup = A4000003;
			projectDirPath = "";
			projectRoot = "";
			targets = (
				A5000001 /* SVGPreview */,
			);
		};
/* End PBXProject section */

/* Begin PBXSourcesBuildPhase section */
		A6000001 /* Sources */ = {
			isa = PBXSourcesBuildPhase;
			buildActionMask = 2147483647;
			files = (
				A1000001,
				A1000002,
				A1000003,
				A1000004,
			);
			runOnlyForDeploymentPostprocessing = 0;
		};
/* End PBXSourcesBuildPhase section */

/* Begin PBXResourcesBuildPhase section */
		A6000002 /* Resources */ = {
			isa = PBXResourcesBuildPhase;
			buildActionMask = 2147483647;
			files = (
				A1000005,
			);
			runOnlyForDeploymentPostprocessing = 0;
		};
/* End PBXResourcesBuildPhase section */

/* Begin XCBuildConfiguration section */
		A9000001 /* Debug */ = {
			isa = XCBuildConfiguration;
			buildSettings = {
				ASSETCATALOG_COMPILER_APPICON_NAME = AppIcon;
				CODE_SIGN_IDENTITY = "-";
				CODE_SIGN_STYLE = Automatic;
				INFOPLIST_KEY_UIApplicationSceneManifest_Generation = YES;
				INFOPLIST_KEY_UIApplicationSupportsIndirectInputEvents = YES;
				INFOPLIST_KEY_UILaunchScreen_Generation = YES;
				INFOPLIST_KEY_UISupportedInterfaceOrientations_iPad = "UIInterfaceOrientationPortrait UIInterfaceOrientationPortraitUpsideDown UIInterfaceOrientationLandscapeLeft UIInterfaceOrientationLandscapeRight";
				INFOPLIST_KEY_UISupportedInterfaceOrientations_iPhone = "UIInterfaceOrientationPortrait UIInterfaceOrientationLandscapeLeft UIInterfaceOrientationLandscapeRight";
				INFOPLIST_KEY_UIFileSharingEnabled = YES;
				INFOPLIST_KEY_LSSupportsOpeningDocumentsInPlace = YES;
				LD_RUNPATH_SEARCH_PATHS = "$(inherited) @executable_path/Frameworks";
				PRODUCT_BUNDLE_IDENTIFIER = com.svglint.SVGPreview;
				PRODUCT_NAME = "$(TARGET_NAME)";
				SWIFT_VERSION = 5.0;
				TARGETED_DEVICE_FAMILY = "1,2";
				GENERATE_INFOPLIST_FILE = YES;
				MARKETING_VERSION = 1.0;
				CURRENT_PROJECT_VERSION = 1;
				IPHONEOS_DEPLOYMENT_TARGET = 16.0;
				SDKROOT = iphoneos;
			};
			name = Debug;
		};
		A9000002 /* Release */ = {
			isa = XCBuildConfiguration;
			buildSettings = {
				ASSETCATALOG_COMPILER_APPICON_NAME = AppIcon;
				CODE_SIGN_IDENTITY = "-";
				CODE_SIGN_STYLE = Automatic;
				INFOPLIST_KEY_UIApplicationSceneManifest_Generation = YES;
				INFOPLIST_KEY_UIApplicationSupportsIndirectInputEvents = YES;
				INFOPLIST_KEY_UILaunchScreen_Generation = YES;
				INFOPLIST_KEY_UISupportedInterfaceOrientations_iPad = "UIInterfaceOrientationPortrait UIInterfaceOrientationPortraitUpsideDown UIInterfaceOrientationLandscapeLeft UIInterfaceOrientationLandscapeRight";
				INFOPLIST_KEY_UISupportedInterfaceOrientations_iPhone = "UIInterfaceOrientationPortrait UIInterfaceOrientationLandscapeLeft UIInterfaceOrientationLandscapeRight";
				INFOPLIST_KEY_UIFileSharingEnabled = YES;
				INFOPLIST_KEY_LSSupportsOpeningDocumentsInPlace = YES;
				LD_RUNPATH_SEARCH_PATHS = "$(inherited) @executable_path/Frameworks";
				PRODUCT_BUNDLE_IDENTIFIER = com.svglint.SVGPreview;
				PRODUCT_NAME = "$(TARGET_NAME)";
				SWIFT_VERSION = 5.0;
				TARGETED_DEVICE_FAMILY = "1,2";
				GENERATE_INFOPLIST_FILE = YES;
				MARKETING_VERSION = 1.0;
				CURRENT_PROJECT_VERSION = 1;
				IPHONEOS_DEPLOYMENT_TARGET = 16.0;
				SDKROOT = iphoneos;
			};
			name = Release;
		};
		A9000003 /* Debug */ = {
			isa = XCBuildConfiguration;
			buildSettings = {
				ALWAYS_SEARCH_USER_PATHS = NO;
				CLANG_ENABLE_MODULES = YES;
				COPY_PHASE_STRIP = NO;
				DEBUG_INFORMATION_FORMAT = dwarf;
				ENABLE_STRICT_OBJC_MSGSEND = YES;
				GCC_OPTIMIZATION_LEVEL = 0;
				ONLY_ACTIVE_ARCH = YES;
				SWIFT_ACTIVE_COMPILATION_CONDITIONS = DEBUG;
				SWIFT_OPTIMIZATION_LEVEL = "-Onone";
				IPHONEOS_DEPLOYMENT_TARGET = 16.0;
				SDKROOT = iphoneos;
			};
			name = Debug;
		};
		A9000004 /* Release */ = {
			isa = XCBuildConfiguration;
			buildSettings = {
				ALWAYS_SEARCH_USER_PATHS = NO;
				CLANG_ENABLE_MODULES = YES;
				COPY_PHASE_STRIP = NO;
				DEBUG_INFORMATION_FORMAT = "dwarf-with-dsym";
				ENABLE_STRICT_OBJC_MSGSEND = YES;
				SWIFT_OPTIMIZATION_LEVEL = "-O";
				IPHONEOS_DEPLOYMENT_TARGET = 16.0;
				SDKROOT = iphoneos;
			};
			name = Release;
		};
/* End XCBuildConfiguration section */

/* Begin XCConfigurationList section */
		A7000001 /* Build configuration list for PBXNativeTarget "SVGPreview" */ = {
			isa = XCConfigurationList;
			buildConfigurations = (
				A9000001,
				A9000002,
			);
			defaultConfigurationIsVisible = 0;
			defaultConfigurationName = Debug;
		};
		A7000002 /* Build configuration list for PBXProject "SVGPreview" */ = {
			isa = XCConfigurationList;
			buildConfigurations = (
				A9000003,
				A9000004,
			);
			defaultConfigurationIsVisible = 0;
			defaultConfigurationName = Debug;
		};
/* End XCConfigurationList section */

	};
	rootObject = A8000001;
}
